
Microsoft Visual Studio Solution File, Format Version 12.00
# Visual Studio Version 17
VisualStudioVersion = 17.1.32421.90
MinimumVisualStudioVersion = 10.0.40219.1
Project("{2150E333-8FDC-42A3-9474-1A3956D46DE8}") = "src", "src", "{00473AF6-71E3-4AF8-8036-79F8A167BD4F}"
EndProject
Project("{9A19103F-16F7-4668-BE54-9A1E7A4F7556}") = "Zametek.View.ProjectPlan", "src\Zametek.View.ProjectPlan\Zametek.View.ProjectPlan.csproj", "{FB24DAA5-08D7-456F-9BCD-DE1E3F9E1A2E}"
EndProject
Project("{9A19103F-16F7-4668-BE54-9A1E7A4F7556}") = "Zametek.ViewModel.ProjectPlan", "src\Zametek.ViewModel.ProjectPlan\Zametek.ViewModel.ProjectPlan.csproj", "{E8F4737E-C769-4161-B03F-2D6F9461CF61}"
EndProject
Project("{9A19103F-16F7-4668-BE54-9A1E7A4F7556}") = "Zametek.Resource.ProjectPlan", "src\Zametek.Resource.ProjectPlan\Zametek.Resource.ProjectPlan.csproj", "{C4009790-BF09-4819-B4B5-210D1357EE41}"
EndProject
Project("{9A19103F-16F7-4668-BE54-9A1E7A4F7556}") = "Zametek.Common.ProjectPlan", "src\Zametek.Common.ProjectPlan\Zametek.Common.ProjectPlan.csproj", "{9A914EF1-49A7-46B0-A9FC-E214974FD57D}"
EndProject
Project("{9A19103F-16F7-4668-BE54-9A1E7A4F7556}") = "Zametek.Data.ProjectPlan", "src\Zametek.Data.ProjectPlan\Zametek.Data.ProjectPlan.csproj", "{42C4CE19-9868-409E-B197-8F6B31EB6324}"
EndProject
Project("{2150E333-8FDC-42A3-9474-1A3956D46DE8}") = "test", "test", "{2D8630E7-83F0-4159-B9C4-EAB17491B87F}"
EndProject
Project("{9A19103F-16F7-4668-BE54-9A1E7A4F7556}") = "Zametek.Data.ProjectPlan.Tests", "test\Zametek.Data.ProjectPlan.Tests\Zametek.Data.ProjectPlan.Tests.csproj", "{77823337-05DF-4D28-BF52-CBA4CBB49531}"
EndProject
Project("{9A19103F-16F7-4668-BE54-9A1E7A4F7556}") = "Zametek.Contract.ProjectPlan", "src\Zametek.Contract.ProjectPlan\Zametek.Contract.ProjectPlan.csproj", "{AB70A35D-DF24-4D9A-B159-58167A7EAADB}"
EndProject
Project("{9A19103F-16F7-4668-BE54-9A1E7A4F7556}") = "Zametek.ProjectPlan", "src\Zametek.ProjectPlan\Zametek.ProjectPlan.csproj", "{2C0BC8E0-93A0-4C9B-8DDE-10649BBF4AB7}"
EndProject
Project("{FAE04EC0-301F-11D3-BF4B-00C04F79EFBC}") = "Zametek.ProjectPlan.CommandLine", "src\Zametek.ProjectPlan.CommandLine\Zametek.ProjectPlan.CommandLine.csproj", "{85174477-C943-4582-8813-2AF1871B72D8}"
EndProject
Global
	GlobalSection(SolutionConfigurationPlatforms) = preSolution
		Debug|Any CPU = Debug|Any CPU
		Release|Any CPU = Release|Any CPU
	EndGlobalSection
	GlobalSection(ProjectConfigurationPlatforms) = postSolution
		{FB24DAA5-08D7-456F-9BCD-DE1E3F9E1A2E}.Debug|Any CPU.ActiveCfg = Debug|Any CPU
		{FB24DAA5-08D7-456F-9BCD-DE1E3F9E1A2E}.Debug|Any CPU.Build.0 = Debug|Any CPU
		{FB24DAA5-08D7-456F-9BCD-DE1E3F9E1A2E}.Release|Any CPU.ActiveCfg = Release|Any CPU
		{FB24DAA5-08D7-456F-9BCD-DE1E3F9E1A2E}.Release|Any CPU.Build.0 = Release|Any CPU
		{E8F4737E-C769-4161-B03F-2D6F9461CF61}.Debug|Any CPU.ActiveCfg = Debug|Any CPU
		{E8F4737E-C769-4161-B03F-2D6F9461CF61}.Debug|Any CPU.Build.0 = Debug|Any CPU
		{E8F4737E-C769-4161-B03F-2D6F9461CF61}.Release|Any CPU.ActiveCfg = Release|Any CPU
		{E8F4737E-C769-4161-B03F-2D6F9461CF61}.Release|Any CPU.Build.0 = Release|Any CPU
		{C4009790-BF09-4819-B4B5-210D1357EE41}.Debug|Any CPU.ActiveCfg = Debug|Any CPU
		{C4009790-BF09-4819-B4B5-210D1357EE41}.Debug|Any CPU.Build.0 = Debug|Any CPU
		{C4009790-BF09-4819-B4B5-210D1357EE41}.Release|Any CPU.ActiveCfg = Release|Any CPU
		{C4009790-BF09-4819-B4B5-210D1357EE41}.Release|Any CPU.Build.0 = Release|Any CPU
		{9A914EF1-49A7-46B0-A9FC-E214974FD57D}.Debug|Any CPU.ActiveCfg = Debug|Any CPU
		{9A914EF1-49A7-46B0-A9FC-E214974FD57D}.Debug|Any CPU.Build.0 = Debug|Any CPU
		{9A914EF1-49A7-46B0-A9FC-E214974FD57D}.Release|Any CPU.ActiveCfg = Release|Any CPU
		{9A914EF1-49A7-46B0-A9FC-E214974FD57D}.Release|Any CPU.Build.0 = Release|Any CPU
		{42C4CE19-9868-409E-B197-8F6B31EB6324}.Debug|Any CPU.ActiveCfg = Debug|Any CPU
		{42C4CE19-9868-409E-B197-8F6B31EB6324}.Debug|Any CPU.Build.0 = Debug|Any CPU
		{42C4CE19-9868-409E-B197-8F6B31EB6324}.Release|Any CPU.ActiveCfg = Release|Any CPU
		{42C4CE19-9868-409E-B197-8F6B31EB6324}.Release|Any CPU.Build.0 = Release|Any CPU
		{77823337-05DF-4D28-BF52-CBA4CBB49531}.Debug|Any CPU.ActiveCfg = Debug|Any CPU
		{77823337-05DF-4D28-BF52-CBA4CBB49531}.Debug|Any CPU.Build.0 = Debug|Any CPU
		{77823337-05DF-4D28-BF52-CBA4CBB49531}.Release|Any CPU.ActiveCfg = Release|Any CPU
		{77823337-05DF-4D28-BF52-CBA4CBB49531}.Release|Any CPU.Build.0 = Release|Any CPU
		{AB70A35D-DF24-4D9A-B159-58167A7EAADB}.Debug|Any CPU.ActiveCfg = Debug|Any CPU
		{AB70A35D-DF24-4D9A-B159-58167A7EAADB}.Debug|Any CPU.Build.0 = Debug|Any CPU
		{AB70A35D-DF24-4D9A-B159-58167A7EAADB}.Release|Any CPU.ActiveCfg = Release|Any CPU
		{AB70A35D-DF24-4D9A-B159-58167A7EAADB}.Release|Any CPU.Build.0 = Release|Any CPU
		{2C0BC8E0-93A0-4C9B-8DDE-10649BBF4AB7}.Debug|Any CPU.ActiveCfg = Debug|Any CPU
		{2C0BC8E0-93A0-4C9B-8DDE-10649BBF4AB7}.Debug|Any CPU.Build.0 = Debug|Any CPU
		{2C0BC8E0-93A0-4C9B-8DDE-10649BBF4AB7}.Release|Any CPU.ActiveCfg = Release|Any CPU
		{2C0BC8E0-93A0-4C9B-8DDE-10649BBF4AB7}.Release|Any CPU.Build.0 = Release|Any CPU
		{85174477-C943-4582-8813-2AF1871B72D8}.Debug|Any CPU.ActiveCfg = Debug|Any CPU
		{85174477-C943-4582-8813-2AF1871B72D8}.Debug|Any CPU.Build.0 = Debug|Any CPU
		{85174477-C943-4582-8813-2AF1871B72D8}.Release|Any CPU.ActiveCfg = Release|Any CPU
		{85174477-C943-4582-8813-2AF1871B72D8}.Release|Any CPU.Build.0 = Release|Any CPU
	EndGlobalSection
	GlobalSection(SolutionProperties) = preSolution
		HideSolutionNode = FALSE
	EndGlobalSection
	GlobalSection(NestedProjects) = preSolution
		{FB24DAA5-08D7-456F-9BCD-DE1E3F9E1A2E} = {00473AF6-71E3-4AF8-8036-79F8A167BD4F}
		{E8F4737E-C769-4161-B03F-2D6F9461CF61} = {00473AF6-71E3-4AF8-8036-79F8A167BD4F}
		{C4009790-BF09-4819-B4B5-210D1357EE41} = {00473AF6-71E3-4AF8-8036-79F8A167BD4F}
		{9A914EF1-49A7-46B0-A9FC-E214974FD57D} = {00473AF6-71E3-4AF8-8036-79F8A167BD4F}
		{42C4CE19-9868-409E-B197-8F6B31EB6324} = {00473AF6-71E3-4AF8-8036-79F8A167BD4F}
		{77823337-05DF-4D28-BF52-CBA4CBB49531} = {2D8630E7-83F0-4159-B9C4-EAB17491B87F}
		{AB70A35D-DF24-4D9A-B159-58167A7EAADB} = {00473AF6-71E3-4AF8-8036-79F8A167BD4F}
		{2C0BC8E0-93A0-4C9B-8DDE-10649BBF4AB7} = {00473AF6-71E3-4AF8-8036-79F8A167BD4F}
		{85174477-C943-4582-8813-2AF1871B72D8} = {00473AF6-71E3-4AF8-8036-79F8A167BD4F}
	EndGlobalSection
	GlobalSection(ExtensibilityGlobals) = postSolution
		SolutionGuid = {FC2AE5E7-6877-4295-9E87-C83CA5C3FB40}
	EndGlobalSection
EndGlobal
