
Microsoft Visual Studio Solution File, Format Version 12.00
# Visual Studio 15
VisualStudioVersion = 15.0.27130.2026
MinimumVisualStudioVersion = 10.0.40219.1
Project("{9A19103F-16F7-4668-BE54-9A1E7A4F7556}") = "Zametek.Common.Project", "src\Zametek.Common.Project\Zametek.Common.Project.csproj", "{C94518D7-10FC-4B55-8749-2B7317CF9AAB}"
EndProject
Project("{9A19103F-16F7-4668-BE54-9A1E7A4F7556}") = "Zametek.Common.ProjectPlan", "src\Zametek.Common.ProjectPlan\Zametek.Common.ProjectPlan.csproj", "{B2B2A9A6-BE16-43F6-A623-FA40CCF97853}"
EndProject
Project("{9A19103F-16F7-4668-BE54-9A1E7A4F7556}") = "Zametek.Contract.ProjectPlan", "src\Zametek.Contract.ProjectPlan\Zametek.Contract.ProjectPlan.csproj", "{65D15656-91AA-4571-87BE-60EB877283D7}"
EndProject
Project("{9A19103F-16F7-4668-BE54-9A1E7A4F7556}") = "Zametek.Access.ProjectPlan", "src\Zametek.Access.ProjectPlan\Zametek.Access.ProjectPlan.csproj", "{A0292825-7185-4328-BDB5-60C9399ABC5B}"
EndProject
Project("{9A19103F-16F7-4668-BE54-9A1E7A4F7556}") = "Zametek.Engine.ProjectPlan", "src\Zametek.Engine.ProjectPlan\Zametek.Engine.ProjectPlan.csproj", "{FECA9612-A4AF-45DB-8EEA-A9D5090602FB}"
EndProject
Project("{9A19103F-16F7-4668-BE54-9A1E7A4F7556}") = "Zametek.Manager.ProjectPlan", "src\Zametek.Manager.ProjectPlan\Zametek.Manager.ProjectPlan.csproj", "{9737882D-E514-44D6-9724-B8C59E802AD5}"
EndProject
Project("{FAE04EC0-301F-11D3-BF4B-00C04F79EFBC}") = "Zametek.Client.ProjectPlan.Wpf", "src\Zametek.Client.ProjectPlan.Wpf\Zametek.Client.ProjectPlan.Wpf.csproj", "{A87FCC3B-5ADD-4F4F-A5B4-9F13F1CC39C0}"
EndProject
Project("{FAE04EC0-301F-11D3-BF4B-00C04F79EFBC}") = "Zametek.Client.ProjectPlan.Wpf.Shell", "src\Zametek.Client.ProjectPlan.Wpf.Shell\Zametek.Client.ProjectPlan.Wpf.Shell.csproj", "{740CA2B1-0E35-4150-BEAC-55810FAFBD6D}"
EndProject
Project("{2150E333-8FDC-42A3-9474-1A3956D46DE8}") = "src", "src", "{634E47B4-5589-4674-A220-14D6203BB179}"
EndProject
Project("{2150E333-8FDC-42A3-9474-1A3956D46DE8}") = "installer", "installer", "{DE811A33-0D54-49C8-9732-6EC759832990}"
EndProject
Project("{54435603-DBB4-11D2-8724-00A0C9A8B90C}") = "Zametek.ProjectPlan.Setup", "installer\Zametek.ProjectPlan.Setup\Zametek.ProjectPlan.Setup.vdproj", "{93E0CAC1-9122-44CD-AB88-B909F102FE76}"
EndProject
Project("{2150E333-8FDC-42A3-9474-1A3956D46DE8}") = "test", "test", "{B10DAC64-0DCC-4004-932F-C66F6D399465}"
EndProject
Project("{FAE04EC0-301F-11D3-BF4B-00C04F79EFBC}") = "Zametek.Manager.ProjectPlan.Tests", "test\Zametek.Manager.ProjectPlan.Tests\Zametek.Manager.ProjectPlan.Tests.csproj", "{2ED8BAD7-8818-4354-8266-D7FADEC3B9E3}"
EndProject
Global
	GlobalSection(SolutionConfigurationPlatforms) = preSolution
		Debug|Any CPU = Debug|Any CPU
		Release|Any CPU = Release|Any CPU
	EndGlobalSection
	GlobalSection(ProjectConfigurationPlatforms) = postSolution
		{C94518D7-10FC-4B55-8749-2B7317CF9AAB}.Debug|Any CPU.ActiveCfg = Debug|Any CPU
		{C94518D7-10FC-4B55-8749-2B7317CF9AAB}.Debug|Any CPU.Build.0 = Debug|Any CPU
		{C94518D7-10FC-4B55-8749-2B7317CF9AAB}.Release|Any CPU.ActiveCfg = Release|Any CPU
		{C94518D7-10FC-4B55-8749-2B7317CF9AAB}.Release|Any CPU.Build.0 = Release|Any CPU
		{B2B2A9A6-BE16-43F6-A623-FA40CCF97853}.Debug|Any CPU.ActiveCfg = Debug|Any CPU
		{B2B2A9A6-BE16-43F6-A623-FA40CCF97853}.Debug|Any CPU.Build.0 = Debug|Any CPU
		{B2B2A9A6-BE16-43F6-A623-FA40CCF97853}.Release|Any CPU.ActiveCfg = Release|Any CPU
		{B2B2A9A6-BE16-43F6-A623-FA40CCF97853}.Release|Any CPU.Build.0 = Release|Any CPU
		{65D15656-91AA-4571-87BE-60EB877283D7}.Debug|Any CPU.ActiveCfg = Debug|Any CPU
		{65D15656-91AA-4571-87BE-60EB877283D7}.Debug|Any CPU.Build.0 = Debug|Any CPU
		{65D15656-91AA-4571-87BE-60EB877283D7}.Release|Any CPU.ActiveCfg = Release|Any CPU
		{65D15656-91AA-4571-87BE-60EB877283D7}.Release|Any CPU.Build.0 = Release|Any CPU
		{A0292825-7185-4328-BDB5-60C9399ABC5B}.Debug|Any CPU.ActiveCfg = Debug|Any CPU
		{A0292825-7185-4328-BDB5-60C9399ABC5B}.Debug|Any CPU.Build.0 = Debug|Any CPU
		{A0292825-7185-4328-BDB5-60C9399ABC5B}.Release|Any CPU.ActiveCfg = Release|Any CPU
		{A0292825-7185-4328-BDB5-60C9399ABC5B}.Release|Any CPU.Build.0 = Release|Any CPU
		{FECA9612-A4AF-45DB-8EEA-A9D5090602FB}.Debug|Any CPU.ActiveCfg = Debug|Any CPU
		{FECA9612-A4AF-45DB-8EEA-A9D5090602FB}.Debug|Any CPU.Build.0 = Debug|Any CPU
		{FECA9612-A4AF-45DB-8EEA-A9D5090602FB}.Release|Any CPU.ActiveCfg = Release|Any CPU
		{FECA9612-A4AF-45DB-8EEA-A9D5090602FB}.Release|Any CPU.Build.0 = Release|Any CPU
		{9737882D-E514-44D6-9724-B8C59E802AD5}.Debug|Any CPU.ActiveCfg = Debug|Any CPU
		{9737882D-E514-44D6-9724-B8C59E802AD5}.Debug|Any CPU.Build.0 = Debug|Any CPU
		{9737882D-E514-44D6-9724-B8C59E802AD5}.Release|Any CPU.ActiveCfg = Release|Any CPU
		{9737882D-E514-44D6-9724-B8C59E802AD5}.Release|Any CPU.Build.0 = Release|Any CPU
		{A87FCC3B-5ADD-4F4F-A5B4-9F13F1CC39C0}.Debug|Any CPU.ActiveCfg = Debug|Any CPU
		{A87FCC3B-5ADD-4F4F-A5B4-9F13F1CC39C0}.Debug|Any CPU.Build.0 = Debug|Any CPU
		{A87FCC3B-5ADD-4F4F-A5B4-9F13F1CC39C0}.Release|Any CPU.ActiveCfg = Release|Any CPU
		{A87FCC3B-5ADD-4F4F-A5B4-9F13F1CC39C0}.Release|Any CPU.Build.0 = Release|Any CPU
		{740CA2B1-0E35-4150-BEAC-55810FAFBD6D}.Debug|Any CPU.ActiveCfg = Debug|Any CPU
		{740CA2B1-0E35-4150-BEAC-55810FAFBD6D}.Debug|Any CPU.Build.0 = Debug|Any CPU
		{740CA2B1-0E35-4150-BEAC-55810FAFBD6D}.Release|Any CPU.ActiveCfg = Release|Any CPU
		{740CA2B1-0E35-4150-BEAC-55810FAFBD6D}.Release|Any CPU.Build.0 = Release|Any CPU
		{93E0CAC1-9122-44CD-AB88-B909F102FE76}.Debug|Any CPU.ActiveCfg = Debug
		{93E0CAC1-9122-44CD-AB88-B909F102FE76}.Release|Any CPU.ActiveCfg = Release
		{2ED8BAD7-8818-4354-8266-D7FADEC3B9E3}.Debug|Any CPU.ActiveCfg = Debug|Any CPU
		{2ED8BAD7-8818-4354-8266-D7FADEC3B9E3}.Debug|Any CPU.Build.0 = Debug|Any CPU
		{2ED8BAD7-8818-4354-8266-D7FADEC3B9E3}.Release|Any CPU.ActiveCfg = Release|Any CPU
		{2ED8BAD7-8818-4354-8266-D7FADEC3B9E3}.Release|Any CPU.Build.0 = Release|Any CPU
	EndGlobalSection
	GlobalSection(SolutionProperties) = preSolution
		HideSolutionNode = FALSE
	EndGlobalSection
	GlobalSection(NestedProjects) = preSolution
		{C94518D7-10FC-4B55-8749-2B7317CF9AAB} = {634E47B4-5589-4674-A220-14D6203BB179}
		{B2B2A9A6-BE16-43F6-A623-FA40CCF97853} = {634E47B4-5589-4674-A220-14D6203BB179}
		{65D15656-91AA-4571-87BE-60EB877283D7} = {634E47B4-5589-4674-A220-14D6203BB179}
		{A0292825-7185-4328-BDB5-60C9399ABC5B} = {634E47B4-5589-4674-A220-14D6203BB179}
		{FECA9612-A4AF-45DB-8EEA-A9D5090602FB} = {634E47B4-5589-4674-A220-14D6203BB179}
		{9737882D-E514-44D6-9724-B8C59E802AD5} = {634E47B4-5589-4674-A220-14D6203BB179}
		{A87FCC3B-5ADD-4F4F-A5B4-9F13F1CC39C0} = {634E47B4-5589-4674-A220-14D6203BB179}
		{740CA2B1-0E35-4150-BEAC-55810FAFBD6D} = {634E47B4-5589-4674-A220-14D6203BB179}
		{93E0CAC1-9122-44CD-AB88-B909F102FE76} = {DE811A33-0D54-49C8-9732-6EC759832990}
		{2ED8BAD7-8818-4354-8266-D7FADEC3B9E3} = {B10DAC64-0DCC-4004-932F-C66F6D399465}
	EndGlobalSection
	GlobalSection(ExtensibilityGlobals) = postSolution
		SolutionGuid = {55169D4C-5329-4E00-8CDE-32A672466357}
	EndGlobalSection
EndGlobal
